// !$*UTF8*$!
{
	archiveVersion = 1;
	classes = {
	};
	objectVersion = 50;
	objects = {

/* Begin PBXBuildFile section */
		552F803E256860F40020567D /* AddEditPersonTableViewController.swift in Sources */ = {isa = PBXBuildFile; fileRef = 552F803D256860F40020567D /* AddEditPersonTableViewController.swift */; };
		552F804225697FDD0020567D /* BoatTableViewController.swift in Sources */ = {isa = PBXBuildFile; fileRef = 552F804125697FDD0020567D /* BoatTableViewController.swift */; };
		552F80452569805C0020567D /* Boat.swift in Sources */ = {isa = PBXBuildFile; fileRef = 552F80442569805C0020567D /* Boat.swift */; };
		552F8048256A9A5C0020567D /* AddEditBoatTableViewController.swift in Sources */ = {isa = PBXBuildFile; fileRef = 552F8047256A9A5C0020567D /* AddEditBoatTableViewController.swift */; };
		552F804B256AF4970020567D /* EventStageTableViewController.swift in Sources */ = {isa = PBXBuildFile; fileRef = 552F804A256AF4970020567D /* EventStageTableViewController.swift */; };
		552F804E256B09EC0020567D /* FlightTableViewCell.swift in Sources */ = {isa = PBXBuildFile; fileRef = 552F804D256B09EC0020567D /* FlightTableViewCell.swift */; };
		5563C4832566D8AB0009AF4D /* AppDelegate.swift in Sources */ = {isa = PBXBuildFile; fileRef = 5563C4822566D8AB0009AF4D /* AppDelegate.swift */; };
		5563C4852566D8AB0009AF4D /* SceneDelegate.swift in Sources */ = {isa = PBXBuildFile; fileRef = 5563C4842566D8AB0009AF4D /* SceneDelegate.swift */; };
		5563C4872566D8AB0009AF4D /* ViewController.swift in Sources */ = {isa = PBXBuildFile; fileRef = 5563C4862566D8AB0009AF4D /* ViewController.swift */; };
		5563C48A2566D8AB0009AF4D /* Main.storyboard in Resources */ = {isa = PBXBuildFile; fileRef = 5563C4882566D8AB0009AF4D /* Main.storyboard */; };
		5563C48C2566D8AF0009AF4D /* Assets.xcassets in Resources */ = {isa = PBXBuildFile; fileRef = 5563C48B2566D8AF0009AF4D /* Assets.xcassets */; };
		5563C48F2566D8AF0009AF4D /* LaunchScreen.storyboard in Resources */ = {isa = PBXBuildFile; fileRef = 5563C48D2566D8AF0009AF4D /* LaunchScreen.storyboard */; };
		5563C4992566E0CD0009AF4D /* DataModel.swift in Sources */ = {isa = PBXBuildFile; fileRef = 5563C4982566E0CD0009AF4D /* DataModel.swift */; };
		5563C49C2567034C0009AF4D /* Person.swift in Sources */ = {isa = PBXBuildFile; fileRef = 5563C49B2567034C0009AF4D /* Person.swift */; };
		5563C49F2567105D0009AF4D /* PersonTableViewController.swift in Sources */ = {isa = PBXBuildFile; fileRef = 5563C49E2567105D0009AF4D /* PersonTableViewController.swift */; };
		5595691F2578484B003A0A12 /* StageFormatSelectionViewController.swift in Sources */ = {isa = PBXBuildFile; fileRef = 5595691E2578484B003A0A12 /* StageFormatSelectionViewController.swift */; };
		55D2F8DE2573DE0F0066936C /* HeadedTableViewController.swift in Sources */ = {isa = PBXBuildFile; fileRef = 55D2F8DD2573DE0F0066936C /* HeadedTableViewController.swift */; };
		55D2F8E12573F0BB0066936C /* MatchTableHeaderView.xib in Resources */ = {isa = PBXBuildFile; fileRef = 55D2F8E02573F0BB0066936C /* MatchTableHeaderView.xib */; };
		55D2F8E42573F9020066936C /* MatchTableHeaderView.swift in Sources */ = {isa = PBXBuildFile; fileRef = 55D2F8E32573F9020066936C /* MatchTableHeaderView.swift */; };
		55D2F8E72574407A0066936C /* constants.swift in Sources */ = {isa = PBXBuildFile; fileRef = 55D2F8E62574407A0066936C /* constants.swift */; };
		55FD44B9256D368100BE88A6 /* excel-file.png in Resources */ = {isa = PBXBuildFile; fileRef = 55FD44B6256D368100BE88A6 /* excel-file.png */; };
		55FD44BD256D368100BE88A6 /* mrctlogo.jpg in Resources */ = {isa = PBXBuildFile; fileRef = 55FD44BC256D368100BE88A6 /* mrctlogo.jpg */; };
/* End PBXBuildFile section */

/* Begin PBXFileReference section */
		552F803D256860F40020567D /* AddEditPersonTableViewController.swift */ = {isa = PBXFileReference; lastKnownFileType = sourcecode.swift; path = AddEditPersonTableViewController.swift; sourceTree = "<group>"; };
		552F804125697FDD0020567D /* BoatTableViewController.swift */ = {isa = PBXFileReference; lastKnownFileType = sourcecode.swift; path = BoatTableViewController.swift; sourceTree = "<group>"; };
		552F80442569805C0020567D /* Boat.swift */ = {isa = PBXFileReference; lastKnownFileType = sourcecode.swift; path = Boat.swift; sourceTree = "<group>"; };
		552F8047256A9A5C0020567D /* AddEditBoatTableViewController.swift */ = {isa = PBXFileReference; lastKnownFileType = sourcecode.swift; path = AddEditBoatTableViewController.swift; sourceTree = "<group>"; };
		552F804A256AF4970020567D /* EventStageTableViewController.swift */ = {isa = PBXFileReference; lastKnownFileType = sourcecode.swift; path = EventStageTableViewController.swift; sourceTree = "<group>"; };
		552F804D256B09EC0020567D /* FlightTableViewCell.swift */ = {isa = PBXFileReference; lastKnownFileType = sourcecode.swift; path = FlightTableViewCell.swift; sourceTree = "<group>"; };
		5563C47F2566D8AB0009AF4D /* Match Race Officer MVC.app */ = {isa = PBXFileReference; explicitFileType = wrapper.application; includeInIndex = 0; path = "Match Race Officer MVC.app"; sourceTree = BUILT_PRODUCTS_DIR; };
		5563C4822566D8AB0009AF4D /* AppDelegate.swift */ = {isa = PBXFileReference; lastKnownFileType = sourcecode.swift; path = AppDelegate.swift; sourceTree = "<group>"; };
		5563C4842566D8AB0009AF4D /* SceneDelegate.swift */ = {isa = PBXFileReference; lastKnownFileType = sourcecode.swift; path = SceneDelegate.swift; sourceTree = "<group>"; };
		5563C4862566D8AB0009AF4D /* ViewController.swift */ = {isa = PBXFileReference; lastKnownFileType = sourcecode.swift; path = ViewController.swift; sourceTree = "<group>"; };
		5563C4892566D8AB0009AF4D /* Base */ = {isa = PBXFileReference; lastKnownFileType = file.storyboard; name = Base; path = Base.lproj/Main.storyboard; sourceTree = "<group>"; };
		5563C48B2566D8AF0009AF4D /* Assets.xcassets */ = {isa = PBXFileReference; lastKnownFileType = folder.assetcatalog; path = Assets.xcassets; sourceTree = "<group>"; };
		5563C48E2566D8AF0009AF4D /* Base */ = {isa = PBXFileReference; lastKnownFileType = file.storyboard; name = Base; path = Base.lproj/LaunchScreen.storyboard; sourceTree = "<group>"; };
		5563C4902566D8AF0009AF4D /* Info.plist */ = {isa = PBXFileReference; lastKnownFileType = text.plist.xml; path = Info.plist; sourceTree = "<group>"; };
		5563C4982566E0CD0009AF4D /* DataModel.swift */ = {isa = PBXFileReference; lastKnownFileType = sourcecode.swift; path = DataModel.swift; sourceTree = "<group>"; };
		5563C49B2567034C0009AF4D /* Person.swift */ = {isa = PBXFileReference; lastKnownFileType = sourcecode.swift; path = Person.swift; sourceTree = "<group>"; };
		5563C49E2567105D0009AF4D /* PersonTableViewController.swift */ = {isa = PBXFileReference; lastKnownFileType = sourcecode.swift; path = PersonTableViewController.swift; sourceTree = "<group>"; };
		5595691E2578484B003A0A12 /* StageFormatSelectionViewController.swift */ = {isa = PBXFileReference; lastKnownFileType = sourcecode.swift; path = StageFormatSelectionViewController.swift; sourceTree = "<group>"; };
		55D2F8DD2573DE0F0066936C /* HeadedTableViewController.swift */ = {isa = PBXFileReference; lastKnownFileType = sourcecode.swift; path = HeadedTableViewController.swift; sourceTree = "<group>"; };
		55D2F8E02573F0BB0066936C /* MatchTableHeaderView.xib */ = {isa = PBXFileReference; lastKnownFileType = file.xib; path = MatchTableHeaderView.xib; sourceTree = "<group>"; };
		55D2F8E32573F9020066936C /* MatchTableHeaderView.swift */ = {isa = PBXFileReference; lastKnownFileType = sourcecode.swift; path = MatchTableHeaderView.swift; sourceTree = "<group>"; };
		55D2F8E62574407A0066936C /* constants.swift */ = {isa = PBXFileReference; lastKnownFileType = sourcecode.swift; path = constants.swift; sourceTree = "<group>"; };
		55FD44B6256D368100BE88A6 /* excel-file.png */ = {isa = PBXFileReference; lastKnownFileType = image.png; path = "excel-file.png"; sourceTree = "<group>"; };
		55FD44BC256D368100BE88A6 /* mrctlogo.jpg */ = {isa = PBXFileReference; lastKnownFileType = image.jpeg; path = mrctlogo.jpg; sourceTree = "<group>"; };
/* End PBXFileReference section */

/* Begin PBXFrameworksBuildPhase section */
		5563C47C2566D8AB0009AF4D /* Frameworks */ = {
			isa = PBXFrameworksBuildPhase;
			buildActionMask = 2147483647;
			files = (
			);
			runOnlyForDeploymentPostprocessing = 0;
		};
/* End PBXFrameworksBuildPhase section */

/* Begin PBXGroup section */
		5563C4762566D8AB0009AF4D = {
			isa = PBXGroup;
			children = (
				5563C4812566D8AB0009AF4D /* Match Race Officer MVC */,
				5563C4802566D8AB0009AF4D /* Products */,
			);
			sourceTree = "<group>";
		};
		5563C4802566D8AB0009AF4D /* Products */ = {
			isa = PBXGroup;
			children = (
				5563C47F2566D8AB0009AF4D /* Match Race Officer MVC.app */,
			);
			name = Products;
			sourceTree = "<group>";
		};
		5563C4812566D8AB0009AF4D /* Match Race Officer MVC */ = {
			isa = PBXGroup;
			children = (
				55D2F8DD2573DE0F0066936C /* HeadedTableViewController.swift */,
				55FD44B2256D35EE00BE88A6 /* Graphic Assets */,
				5563C4822566D8AB0009AF4D /* AppDelegate.swift */,
				5563C4842566D8AB0009AF4D /* SceneDelegate.swift */,
				5563C4862566D8AB0009AF4D /* ViewController.swift */,
				5563C4882566D8AB0009AF4D /* Main.storyboard */,
				5595691E2578484B003A0A12 /* StageFormatSelectionViewController.swift */,
				5563C49E2567105D0009AF4D /* PersonTableViewController.swift */,
				5563C48B2566D8AF0009AF4D /* Assets.xcassets */,
				5563C48D2566D8AF0009AF4D /* LaunchScreen.storyboard */,
				5563C4902566D8AF0009AF4D /* Info.plist */,
				5563C4982566E0CD0009AF4D /* DataModel.swift */,
				5563C49B2567034C0009AF4D /* Person.swift */,
				552F803D256860F40020567D /* AddEditPersonTableViewController.swift */,
				552F804125697FDD0020567D /* BoatTableViewController.swift */,
				552F80442569805C0020567D /* Boat.swift */,
				552F8047256A9A5C0020567D /* AddEditBoatTableViewController.swift */,
				552F804A256AF4970020567D /* EventStageTableViewController.swift */,
				552F804D256B09EC0020567D /* FlightTableViewCell.swift */,
				55D2F8E02573F0BB0066936C /* MatchTableHeaderView.xib */,
				55D2F8E32573F9020066936C /* MatchTableHeaderView.swift */,
				55D2F8E62574407A0066936C /* constants.swift */,
			);
			path = "Match Race Officer MVC";
			sourceTree = "<group>";
		};
		55FD44B2256D35EE00BE88A6 /* Graphic Assets */ = {
			isa = PBXGroup;
			children = (
				55FD44B4256D368100BE88A6 /* MR Pairing Icon */,
			);
			path = "Graphic Assets";
			sourceTree = "<group>";
		};
		55FD44B4256D368100BE88A6 /* MR Pairing Icon */ = {
			isa = PBXGroup;
			children = (
				55FD44B6256D368100BE88A6 /* excel-file.png */,
				55FD44BC256D368100BE88A6 /* mrctlogo.jpg */,
			);
			path = "MR Pairing Icon";
			sourceTree = "<group>";
		};
/* End PBXGroup section */

/* Begin PBXNativeTarget section */
		5563C47E2566D8AB0009AF4D /* Match Race Officer MVC */ = {
			isa = PBXNativeTarget;
			buildConfigurationList = 5563C4932566D8AF0009AF4D /* Build configuration list for PBXNativeTarget "Match Race Officer MVC" */;
			buildPhases = (
				5563C47B2566D8AB0009AF4D /* Sources */,
				5563C47C2566D8AB0009AF4D /* Frameworks */,
				5563C47D2566D8AB0009AF4D /* Resources */,
			);
			buildRules = (
			);
			dependencies = (
			);
			name = "Match Race Officer MVC";
			productName = "Match Race Officer MVC";
			productReference = 5563C47F2566D8AB0009AF4D /* Match Race Officer MVC.app */;
			productType = "com.apple.product-type.application";
		};
/* End PBXNativeTarget section */

/* Begin PBXProject section */
		5563C4772566D8AB0009AF4D /* Project object */ = {
			isa = PBXProject;
			attributes = {
				LastSwiftUpdateCheck = 1210;
				LastUpgradeCheck = 1210;
				TargetAttributes = {
					5563C47E2566D8AB0009AF4D = {
						CreatedOnToolsVersion = 12.1;
					};
				};
			};
			buildConfigurationList = 5563C47A2566D8AB0009AF4D /* Build configuration list for PBXProject "Match Race Officer MVC" */;
			compatibilityVersion = "Xcode 9.3";
			developmentRegion = en;
			hasScannedForEncodings = 0;
			knownRegions = (
				en,
				Base,
			);
			mainGroup = 5563C4762566D8AB0009AF4D;
			productRefGroup = 5563C4802566D8AB0009AF4D /* Products */;
			projectDirPath = "";
			projectRoot = "";
			targets = (
				5563C47E2566D8AB0009AF4D /* Match Race Officer MVC */,
			);
		};
/* End PBXProject section */

/* Begin PBXResourcesBuildPhase section */
		5563C47D2566D8AB0009AF4D /* Resources */ = {
			isa = PBXResourcesBuildPhase;
			buildActionMask = 2147483647;
			files = (
				5563C48F2566D8AF0009AF4D /* LaunchScreen.storyboard in Resources */,
				55FD44B9256D368100BE88A6 /* excel-file.png in Resources */,
				5563C48C2566D8AF0009AF4D /* Assets.xcassets in Resources */,
				55FD44BD256D368100BE88A6 /* mrctlogo.jpg in Resources */,
				55D2F8E12573F0BB0066936C /* MatchTableHeaderView.xib in Resources */,
				5563C48A2566D8AB0009AF4D /* Main.storyboard in Resources */,
			);
			runOnlyForDeploymentPostprocessing = 0;
		};
/* End PBXResourcesBuildPhase section */

/* Begin PBXSourcesBuildPhase section */
		5563C47B2566D8AB0009AF4D /* Sources */ = {
			isa = PBXSourcesBuildPhase;
			buildActionMask = 2147483647;
			files = (
				5563C49C2567034C0009AF4D /* Person.swift in Sources */,
				552F804E256B09EC0020567D /* FlightTableViewCell.swift in Sources */,
				55D2F8DE2573DE0F0066936C /* HeadedTableViewController.swift in Sources */,
				5563C4872566D8AB0009AF4D /* ViewController.swift in Sources */,
				5563C49F2567105D0009AF4D /* PersonTableViewController.swift in Sources */,
				552F804B256AF4970020567D /* EventStageTableViewController.swift in Sources */,
				552F80452569805C0020567D /* Boat.swift in Sources */,
				5595691F2578484B003A0A12 /* StageFormatSelectionViewController.swift in Sources */,
				5563C4992566E0CD0009AF4D /* DataModel.swift in Sources */,
				55D2F8E72574407A0066936C /* constants.swift in Sources */,
				552F803E256860F40020567D /* AddEditPersonTableViewController.swift in Sources */,
				552F804225697FDD0020567D /* BoatTableViewController.swift in Sources */,
				552F8048256A9A5C0020567D /* AddEditBoatTableViewController.swift in Sources */,
				5563C4832566D8AB0009AF4D /* AppDelegate.swift in Sources */,
				55D2F8E42573F9020066936C /* MatchTableHeaderView.swift in Sources */,
				5563C4852566D8AB0009AF4D /* SceneDelegate.swift in Sources */,
			);
			runOnlyForDeploymentPostprocessing = 0;
		};
/* End PBXSourcesBuildPhase section */

/* Begin PBXVariantGroup section */
		5563C4882566D8AB0009AF4D /* Main.storyboard */ = {
			isa = PBXVariantGroup;
			children = (
				5563C4892566D8AB0009AF4D /* Base */,
			);
			name = Main.storyboard;
			sourceTree = "<group>";
		};
		5563C48D2566D8AF0009AF4D /* LaunchScreen.storyboard */ = {
			isa = PBXVariantGroup;
			children = (
				5563C48E2566D8AF0009AF4D /* Base */,
			);
			name = LaunchScreen.storyboard;
			sourceTree = "<group>";
		};
/* End PBXVariantGroup section */

/* Begin XCBuildConfiguration section */
		5563C4912566D8AF0009AF4D /* Debug */ = {
			isa = XCBuildConfiguration;
			buildSettings = {
				ALWAYS_SEARCH_USER_PATHS = NO;
				CLANG_ANALYZER_NONNULL = YES;
				CLANG_ANALYZER_NUMBER_OBJECT_CONVERSION = YES_AGGRESSIVE;
				CLANG_CXX_LANGUAGE_STANDARD = "gnu++14";
				CLANG_CXX_LIBRARY = "libc++";
				CLANG_ENABLE_MODULES = YES;
				CLANG_ENABLE_OBJC_ARC = YES;
				CLANG_ENABLE_OBJC_WEAK = YES;
				CLANG_WARN_BLOCK_CAPTURE_AUTORELEASING = YES;
				CLANG_WARN_BOOL_CONVERSION = YES;
				CLANG_WARN_COMMA = YES;
				CLANG_WARN_CONSTANT_CONVERSION = YES;
				CLANG_WARN_DEPRECATED_OBJC_IMPLEMENTATIONS = YES;
				CLANG_WARN_DIRECT_OBJC_ISA_USAGE = YES_ERROR;
				CLANG_WARN_DOCUMENTATION_COMMENTS = YES;
				CLANG_WARN_EMPTY_BODY = YES;
				CLANG_WARN_ENUM_CONVERSION = YES;
				CLANG_WARN_INFINITE_RECURSION = YES;
				CLANG_WARN_INT_CONVERSION = YES;
				CLANG_WARN_NON_LITERAL_NULL_CONVERSION = YES;
				CLANG_WARN_OBJC_IMPLICIT_RETAIN_SELF = YES;
				CLANG_WARN_OBJC_LITERAL_CONVERSION = YES;
				CLANG_WARN_OBJC_ROOT_CLASS = YES_ERROR;
				CLANG_WARN_QUOTED_INCLUDE_IN_FRAMEWORK_HEADER = YES;
				CLANG_WARN_RANGE_LOOP_ANALYSIS = YES;
				CLANG_WARN_STRICT_PROTOTYPES = YES;
				CLANG_WARN_SUSPICIOUS_MOVE = YES;
				CLANG_WARN_UNGUARDED_AVAILABILITY = YES_AGGRESSIVE;
				CLANG_WARN_UNREACHABLE_CODE = YES;
				CLANG_WARN__DUPLICATE_METHOD_MATCH = YES;
				COPY_PHASE_STRIP = NO;
				DEBUG_INFORMATION_FORMAT = dwarf;
				ENABLE_STRICT_OBJC_MSGSEND = YES;
				ENABLE_TESTABILITY = YES;
				GCC_C_LANGUAGE_STANDARD = gnu11;
				GCC_DYNAMIC_NO_PIC = NO;
				GCC_NO_COMMON_BLOCKS = YES;
				GCC_OPTIMIZATION_LEVEL = 0;
				GCC_PREPROCESSOR_DEFINITIONS = (
					"DEBUG=1",
					"$(inherited)",
				);
				GCC_WARN_64_TO_32_BIT_CONVERSION = YES;
				GCC_WARN_ABOUT_RETURN_TYPE = YES_ERROR;
				GCC_WARN_UNDECLARED_SELECTOR = YES;
				GCC_WARN_UNINITIALIZED_AUTOS = YES_AGGRESSIVE;
				GCC_WARN_UNUSED_FUNCTION = YES;
				GCC_WARN_UNUSED_VARIABLE = YES;
				IPHONEOS_DEPLOYMENT_TARGET = 14.1;
				MTL_ENABLE_DEBUG_INFO = INCLUDE_SOURCE;
				MTL_FAST_MATH = YES;
				ONLY_ACTIVE_ARCH = YES;
				SDKROOT = iphoneos;
				SWIFT_ACTIVE_COMPILATION_CONDITIONS = DEBUG;
				SWIFT_OPTIMIZATION_LEVEL = "-Onone";
			};
			name = Debug;
		};
		5563C4922566D8AF0009AF4D /* Release */ = {
			isa = XCBuildConfiguration;
			buildSettings = {
				ALWAYS_SEARCH_USER_PATHS = NO;
				CLANG_ANALYZER_NONNULL = YES;
				CLANG_ANALYZER_NUMBER_OBJECT_CONVERSION = YES_AGGRESSIVE;
				CLANG_CXX_LANGUAGE_STANDARD = "gnu++14";
				CLANG_CXX_LIBRARY = "libc++";
				CLANG_ENABLE_MODULES = YES;
				CLANG_ENABLE_OBJC_ARC = YES;
				CLANG_ENABLE_OBJC_WEAK = YES;
				CLANG_WARN_BLOCK_CAPTURE_AUTORELEASING = YES;
				CLANG_WARN_BOOL_CONVERSION = YES;
				CLANG_WARN_COMMA = YES;
				CLANG_WARN_CONSTANT_CONVERSION = YES;
				CLANG_WARN_DEPRECATED_OBJC_IMPLEMENTATIONS = YES;
				CLANG_WARN_DIRECT_OBJC_ISA_USAGE = YES_ERROR;
				CLANG_WARN_DOCUMENTATION_COMMENTS = YES;
				CLANG_WARN_EMPTY_BODY = YES;
				CLANG_WARN_ENUM_CONVERSION = YES;
				CLANG_WARN_INFINITE_RECURSION = YES;
				CLANG_WARN_INT_CONVERSION = YES;
				CLANG_WARN_NON_LITERAL_NULL_CONVERSION = YES;
				CLANG_WARN_OBJC_IMPLICIT_RETAIN_SELF = YES;
				CLANG_WARN_OBJC_LITERAL_CONVERSION = YES;
				CLANG_WARN_OBJC_ROOT_CLASS = YES_ERROR;
				CLANG_WARN_QUOTED_INCLUDE_IN_FRAMEWORK_HEADER = YES;
				CLANG_WARN_RANGE_LOOP_ANALYSIS = YES;
				CLANG_WARN_STRICT_PROTOTYPES = YES;
				CLANG_WARN_SUSPICIOUS_MOVE = YES;
				CLANG_WARN_UNGUARDED_AVAILABILITY = YES_AGGRESSIVE;
				CLANG_WARN_UNREACHABLE_CODE = YES;
				CLANG_WARN__DUPLICATE_METHOD_MATCH = YES;
				COPY_PHASE_STRIP = NO;
				DEBUG_INFORMATION_FORMAT = "dwarf-with-dsym";
				ENABLE_NS_ASSERTIONS = NO;
				ENABLE_STRICT_OBJC_MSGSEND = YES;
				GCC_C_LANGUAGE_STANDARD = gnu11;
				GCC_NO_COMMON_BLOCKS = YES;
				GCC_WARN_64_TO_32_BIT_CONVERSION = YES;
				GCC_WARN_ABOUT_RETURN_TYPE = YES_ERROR;
				GCC_WARN_UNDECLARED_SELECTOR = YES;
				GCC_WARN_UNINITIALIZED_AUTOS = YES_AGGRESSIVE;
				GCC_WARN_UNUSED_FUNCTION = YES;
				GCC_WARN_UNUSED_VARIABLE = YES;
				IPHONEOS_DEPLOYMENT_TARGET = 14.1;
				MTL_ENABLE_DEBUG_INFO = NO;
				MTL_FAST_MATH = YES;
				SDKROOT = iphoneos;
				SWIFT_COMPILATION_MODE = wholemodule;
				SWIFT_OPTIMIZATION_LEVEL = "-O";
				VALIDATE_PRODUCT = YES;
			};
			name = Release;
		};
		5563C4942566D8AF0009AF4D /* Debug */ = {
			isa = XCBuildConfiguration;
			buildSettings = {
				ASSETCATALOG_COMPILER_APPICON_NAME = AppIcon;
				ASSETCATALOG_COMPILER_GLOBAL_ACCENT_COLOR_NAME = AccentColor;
				CODE_SIGN_STYLE = Automatic;
				DEVELOPMENT_TEAM = Y4R53989M8;
				INFOPLIST_FILE = "Match Race Officer MVC/Info.plist";
				IPHONEOS_DEPLOYMENT_TARGET = 9.0;
				LD_RUNPATH_SEARCH_PATHS = (
					"$(inherited)",
					"@executable_path/Frameworks",
				);
				PRODUCT_BUNDLE_IDENTIFIER = "app.example.Match-Race-Officer-MVC";
				PRODUCT_NAME = "$(TARGET_NAME)";
				SWIFT_VERSION = 5.0;
				TARGETED_DEVICE_FAMILY = "1,2";
			};
			name = Debug;
		};
		5563C4952566D8AF0009AF4D /* Release */ = {
			isa = XCBuildConfiguration;
			buildSettings = {
				ASSETCATALOG_COMPILER_APPICON_NAME = AppIcon;
				ASSETCATALOG_COMPILER_GLOBAL_ACCENT_COLOR_NAME = AccentColor;
				CODE_SIGN_STYLE = Automatic;
				DEVELOPMENT_TEAM = Y4R53989M8;
				INFOPLIST_FILE = "Match Race Officer MVC/Info.plist";
				IPHONEOS_DEPLOYMENT_TARGET = 9.0;
				LD_RUNPATH_SEARCH_PATHS = (
					"$(inherited)",
					"@executable_path/Frameworks",
				);
				PRODUCT_BUNDLE_IDENTIFIER = "app.example.Match-Race-Officer-MVC";
				PRODUCT_NAME = "$(TARGET_NAME)";
				SWIFT_VERSION = 5.0;
				TARGETED_DEVICE_FAMILY = "1,2";
			};
			name = Release;
		};
/* End XCBuildConfiguration section */

/* Begin XCConfigurationList section */
		5563C47A2566D8AB0009AF4D /* Build configuration list for PBXProject "Match Race Officer MVC" */ = {
			isa = XCConfigurationList;
			buildConfigurations = (
				5563C4912566D8AF0009AF4D /* Debug */,
				5563C4922566D8AF0009AF4D /* Release */,
			);
			defaultConfigurationIsVisible = 0;
			defaultConfigurationName = Release;
		};
		5563C4932566D8AF0009AF4D /* Build configuration list for PBXNativeTarget "Match Race Officer MVC" */ = {
			isa = XCConfigurationList;
			buildConfigurations = (
				5563C4942566D8AF0009AF4D /* Debug */,
				5563C4952566D8AF0009AF4D /* Release */,
			);
			defaultConfigurationIsVisible = 0;
			defaultConfigurationName = Release;
		};
/* End XCConfigurationList section */
	};
	rootObject = 5563C4772566D8AB0009AF4D /* Project object */;
}
